
Microsoft Visual Studio Solution File, Format Version 12.00
# Visual Studio Version 17
VisualStudioVersion = 17.2.32519.379
MinimumVisualStudioVersion = 10.0.40219.1
Project("{FAE04EC0-301F-11D3-BF4B-00C04F79EFBC}") = "Livro", "Livro\Livro.csproj", "{9D4ACF9D-5DE7-491F-92FE-4EBEEAE92A6F}"
	ProjectSection(ProjectDependencies) = postProject
		{88AADD43-3B3D-4CB7-BF64-72E7A1EC5473} = {88AADD43-3B3D-4CB7-BF64-72E7A1EC5473}
	EndProjectSection
EndProject
Project("{9A19103F-16F7-4668-BE54-9A1E7A4F7556}") = "OShop.Domain", "..\OShopSLN\OShop.Domain\OShop.Domain.csproj", "{CAA64ED5-2DDD-4A3F-B82D-46E3946DF4AB}"
EndProject
Project("{9A19103F-16F7-4668-BE54-9A1E7A4F7556}") = "OShop.Database", "..\OShopSLN\OShop.Database\OShop.Database.csproj", "{FC7BA0FE-0B58-450C-8034-198DF83224A3}"
EndProject
Project("{9A19103F-16F7-4668-BE54-9A1E7A4F7556}") = "OShop.Application", "..\OShopSLN\OShop.Application\OShop.Application.csproj", "{88AADD43-3B3D-4CB7-BF64-72E7A1EC5473}"
EndProject
Global
	GlobalSection(SolutionConfigurationPlatforms) = preSolution
		Debug|Any CPU = Debug|Any CPU
		Release|Any CPU = Release|Any CPU
	EndGlobalSection
	GlobalSection(ProjectConfigurationPlatforms) = postSolution
		{9D4ACF9D-5DE7-491F-92FE-4EBEEAE92A6F}.Debug|Any CPU.ActiveCfg = Debug|Any CPU
		{9D4ACF9D-5DE7-491F-92FE-4EBEEAE92A6F}.Debug|Any CPU.Build.0 = Debug|Any CPU
		{9D4ACF9D-5DE7-491F-92FE-4EBEEAE92A6F}.Release|Any CPU.ActiveCfg = Release|Any CPU
		{9D4ACF9D-5DE7-491F-92FE-4EBEEAE92A6F}.Release|Any CPU.Build.0 = Release|Any CPU
		{CAA64ED5-2DDD-4A3F-B82D-46E3946DF4AB}.Debug|Any CPU.ActiveCfg = Debug|Any CPU
		{CAA64ED5-2DDD-4A3F-B82D-46E3946DF4AB}.Debug|Any CPU.Build.0 = Debug|Any CPU
		{CAA64ED5-2DDD-4A3F-B82D-46E3946DF4AB}.Release|Any CPU.ActiveCfg = Release|Any CPU
		{CAA64ED5-2DDD-4A3F-B82D-46E3946DF4AB}.Release|Any CPU.Build.0 = Release|Any CPU
		{FC7BA0FE-0B58-450C-8034-198DF83224A3}.Debug|Any CPU.ActiveCfg = Debug|Any CPU
		{FC7BA0FE-0B58-450C-8034-198DF83224A3}.Debug|Any CPU.Build.0 = Debug|Any CPU
		{FC7BA0FE-0B58-450C-8034-198DF83224A3}.Release|Any CPU.ActiveCfg = Release|Any CPU
		{FC7BA0FE-0B58-450C-8034-198DF83224A3}.Release|Any CPU.Build.0 = Release|Any CPU
		{88AADD43-3B3D-4CB7-BF64-72E7A1EC5473}.Debug|Any CPU.ActiveCfg = Debug|Any CPU
		{88AADD43-3B3D-4CB7-BF64-72E7A1EC5473}.Debug|Any CPU.Build.0 = Debug|Any CPU
		{88AADD43-3B3D-4CB7-BF64-72E7A1EC5473}.Release|Any CPU.ActiveCfg = Release|Any CPU
		{88AADD43-3B3D-4CB7-BF64-72E7A1EC5473}.Release|Any CPU.Build.0 = Release|Any CPU
	EndGlobalSection
	GlobalSection(SolutionProperties) = preSolution
		HideSolutionNode = FALSE
	EndGlobalSection
	GlobalSection(ExtensibilityGlobals) = postSolution
		SolutionGuid = {E70B3310-CDAB-4F8D-A759-94A1CABC5BB9}
	EndGlobalSection
EndGlobal
